
Microsoft Visual Studio Solution File, Format Version 12.00
# Visual Studio 2012
Project("{FAE04EC0-301F-11D3-BF4B-00C04F79EFBC}") = "WebApplication", "WebApplication\WebApplication.csproj", "{C5DDDC74-33F8-4F4B-A23F-7667A630B991}"
EndProject
Project("{FAE04EC0-301F-11D3-BF4B-00C04F79EFBC}") = "WebApplication.tests", "WebApplication.tests\WebApplication.tests.csproj", "{6291E016-11C9-498F-B027-B173892BEDD2}"
EndProject
Global
	GlobalSection(SolutionConfigurationPlatforms) = preSolution
		Debug|Any CPU = Debug|Any CPU
		Release|Any CPU = Release|Any CPU
	EndGlobalSection
	GlobalSection(ProjectConfigurationPlatforms) = postSolution
		{C5DDDC74-33F8-4F4B-A23F-7667A630B991}.Debug|Any CPU.ActiveCfg = Debug|Any CPU
		{C5DDDC74-33F8-4F4B-A23F-7667A630B991}.Debug|Any CPU.Build.0 = Debug|Any CPU
		{C5DDDC74-33F8-4F4B-A23F-7667A630B991}.Release|Any CPU.ActiveCfg = Release|Any CPU
		{C5DDDC74-33F8-4F4B-A23F-7667A630B991}.Release|Any CPU.Build.0 = Release|Any CPU
		{6291E016-11C9-498F-B027-B173892BEDD2}.Debug|Any CPU.ActiveCfg = Debug|Any CPU
		{6291E016-11C9-498F-B027-B173892BEDD2}.Debug|Any CPU.Build.0 = Debug|Any CPU
		{6291E016-11C9-498F-B027-B173892BEDD2}.Release|Any CPU.ActiveCfg = Release|Any CPU
		{6291E016-11C9-498F-B027-B173892BEDD2}.Release|Any CPU.Build.0 = Release|Any CPU
	EndGlobalSection
EndGlobal
